PODS:
  - connectivity (0.0.1):
    - Flutter
    - Reachability
  - Flutter (1.0.0)
  - image_picker (0.0.1):
    - Flutter
  - integration_test (0.0.1):
    - Flutter
  - printing (1.0.0):
    - Flutter
  - Reachability (3.2)
  - shared_preferences_ios (0.0.1):
    - Flutter
  - url_launcher_ios (0.0.1):
    - Flutter

DEPENDENCIES:
  - connectivity (from `.symlinks/plugins/connectivity/ios`)
  - Flutter (from `Flutter`)
  - image_picker (from `.symlinks/plugins/image_picker/ios`)
  - integration_test (from `.symlinks/plugins/integration_test/ios`)
  - printing (from `.symlinks/plugins/printing/ios`)
  - shared_preferences_ios (from `.symlinks/plugins/shared_preferences_ios/ios`)
  - url_launcher_ios (from `.symlinks/plugins/url_launcher_ios/ios`)

SPEC REPOS:
  trunk:
    - Reachability

EXTERNAL SOURCES:
  connectivity:
    :path: ".symlinks/plugins/connectivity/ios"
  Flutter:
    :path: Flutter
  image_picker:
    :path: ".symlinks/plugins/image_picker/ios"
  integration_test:
    :path: ".symlinks/plugins/integration_test/ios"
  printing:
    :path: ".symlinks/plugins/printing/ios"
  shared_preferences_ios:
    :path: ".symlinks/plugins/shared_preferences_ios/ios"
  url_launcher_ios:
    :path: ".symlinks/plugins/url_launcher_ios/ios"

SPEC CHECKSUMS:
  connectivity: c4130b2985d4ef6fd26f9702e886bd5260681467
  Flutter: 50d75fe2f02b26cc09d224853bb45737f8b3214a
  image_picker: 541dcbb3b9cf32d87eacbd957845d8651d6c62c3
  integration_test:a1e7d09bd98eca2fc37aefd79d4f41ad37bdbbe5
  printing: eafa00acb682c0ca029d4d98d0798f55a1e27102
  Reachability: 33e18b67625424e47b6cde6d202dce689ad7af96
  shared_preferences_ios: 548a61f8053b9b8a49ac19c1ffbc8b92c50d68ad
  url_launcher_ios: 839c58cdb4279282219f5e248c3321761ff3c4de

PODFILE CHECKSUM: aafe91acc616949ddb318b77800a7f51bffa2a4c

COCOAPODS: 1.10.1
