# Generated by pub
# See https://dart.dev/tools/pub/glossary#lockfile
packages:
  _fe_analyzer_shared:
    dependency: transitive
    description:
      name: _fe_analyzer_shared
      sha256: ae92f5d747aee634b87f89d9946000c2de774be1d6ac3e58268224348cd0101a
      url: "https://pub.dev"
    source: hosted
    version: "61.0.0"
  about:
    dependency: transitive
    description:
      name: about
      sha256: "65e34364ac29adf7ed1b3c5e2a57da74a0694e23db1d713a3773f5e1f53c0b00"
      url: "https://pub.dev"
    source: hosted
    version: "2.1.3"
  analyzer:
    dependency: transitive
    description:
      name: analyzer
      sha256: ea3d8652bda62982addfd92fdc2d0214e5f82e43325104990d4f4c4a2a313562
      url: "https://pub.dev"
    source: hosted
    version: "5.13.0"
  archive:
    dependency: transitive
    description:
      name: archive
      sha256: "0c8368c9b3f0abbc193b9d6133649a614204b528982bebc7026372d61677ce3a"
      url: "https://pub.dev"
    source: hosted
    version: "3.3.7"
  args:
    dependency: transitive
    description:
      name: args
      sha256: c372bb384f273f0c2a8aaaa226dad84dc27c8519a691b888725dec59518ad53a
      url: "https://pub.dev"
    source: hosted
    version: "2.4.1"
  async:
    dependency: transitive
    description:
      name: async
      sha256: "947bfcf187f74dbc5e146c9eb9c0f10c9f8b30743e341481c1e2ed3ecc18c20c"
      url: "https://pub.dev"
    source: hosted
    version: "2.11.0"
  barcode:
    dependency: transitive
    description:
      name: barcode
      sha256: "789f898eef0bd88312470bdb2cc996f895ad7dd5f89e9adde84b204546a90b45"
      url: "https://pub.dev"
    source: hosted
    version: "2.2.4"
  basic_utils:
    dependency: transitive
    description:
      name: basic_utils
      sha256: da518c9316eb83e13c0016592c226396c328a038d4cdbed9b7b2783a79620bfb
      url: "https://pub.dev"
    source: hosted
    version: "3.9.4"
  bidi:
    dependency: transitive
    description:
      name: bidi
      sha256: dc00274c7edabae2ab30c676e736ea1eb0b1b7a1b436cb5fe372e431ccb39ab0
      url: "https://pub.dev"
    source: hosted
    version: "2.0.6"
  bloc:
    dependency: transitive
    description:
      name: bloc
      sha256: "3820f15f502372d979121de1f6b97bfcf1630ebff8fe1d52fb2b0bfa49be5b49"
      url: "https://pub.dev"
    source: hosted
    version: "8.1.2"
  bloc_concurrency:
    dependency: transitive
    description:
      name: bloc_concurrency
      sha256: "44535c9f429cd7e91d548cf89fde1c23a8b4b3637decdb1865bb583091a00d4e"
      url: "https://pub.dev"
    source: hosted
    version: "0.2.2"
  boolean_selector:
    dependency: transitive
    description:
      name: boolean_selector
      sha256: "6cfb5af12253eaf2b368f07bacc5a80d1301a071c73360d746b7f2e32d762c66"
      url: "https://pub.dev"
    source: hosted
    version: "2.1.1"
  build:
    dependency: transitive
    description:
      name: build
      sha256: "43865b79fbb78532e4bff7c33087aa43b1d488c4fdef014eaef568af6d8016dc"
      url: "https://pub.dev"
    source: hosted
    version: "2.4.0"
  build_config:
    dependency: transitive
    description:
      name: build_config
      sha256: bf80fcfb46a29945b423bd9aad884590fb1dc69b330a4d4700cac476af1708d1
      url: "https://pub.dev"
    source: hosted
    version: "1.1.1"
  characters:
    dependency: transitive
    description:
      name: characters
      sha256: "04a925763edad70e8443c99234dc3328f442e811f1d8fd1a72f1c8ad0f69a605"
      url: "https://pub.dev"
    source: hosted
    version: "1.3.0"
  checked_yaml:
    dependency: transitive
    description:
      name: checked_yaml
      sha256: feb6bed21949061731a7a75fc5d2aa727cf160b91af9a3e464c5e3a32e28b5ff
      url: "https://pub.dev"
    source: hosted
    version: "2.0.3"
  chunked_stream:
    dependency: transitive
    description:
      name: chunked_stream
      sha256: b2fde5f81d780f0c1699b8347cae2e413412ae947fc6e64727cc48c6bb54c95c
      url: "https://pub.dev"
    source: hosted
    version: "1.4.2"
  circular_buffer:
    dependency: transitive
    description:
      name: circular_buffer
      sha256: "2889afcfc97aa0d9a4930ae5fdf206aea7d0ac88a3649acec9130565cd8f45d8"
      url: "https://pub.dev"
    source: hosted
    version: "0.11.0"
  clock:
    dependency: transitive
    description:
      name: clock
      sha256: cb6d7f03e1de671e34607e909a7213e31d7752be4fb66a86d29fe1eb14bfb5cf
      url: "https://pub.dev"
    source: hosted
    version: "1.1.1"
  collection:
    dependency: transitive
    description:
      name: collection
      sha256: "4a07be6cb69c84d677a6c3096fcf960cc3285a8330b4603e0d463d15d9bd934c"
      url: "https://pub.dev"
    source: hosted
    version: "1.17.1"
  convert:
    dependency: transitive
    description:
      name: convert
      sha256: "0f08b14755d163f6e2134cb58222dd25ea2a2ee8a195e53983d57c075324d592"
      url: "https://pub.dev"
    source: hosted
    version: "3.1.1"
  coverage:
    dependency: transitive
    description:
      name: coverage
      sha256: "2fb815080e44a09b85e0f2ca8a820b15053982b2e714b59267719e8a9ff17097"
      url: "https://pub.dev"
    source: hosted
    version: "1.6.3"
  credit_card_type_detector:
    dependency: transitive
    description:
      name: credit_card_type_detector
      sha256: f2fb9c7b23fae331d4c5a0dc26437f4c0d4a2306a6c3a5cdb29401f69823070d
      url: "https://pub.dev"
    source: hosted
    version: "3.0.0"
  credit_card_validator:
    dependency: transitive
    description:
      name: credit_card_validator
      sha256: e8e6d7250319fd1898340d63c72b1a66817d8abfc6aedcaca76f3633bac515a3
      url: "https://pub.dev"
    source: hosted
    version: "2.1.0"
  cross_file:
    dependency: transitive
    description:
      name: cross_file
      sha256: "0b0036e8cccbfbe0555fd83c1d31a6f30b77a96b598b35a5d36dd41f718695e9"
      url: "https://pub.dev"
    source: hosted
    version: "0.3.3+4"
  crypto:
    dependency: transitive
    description:
      name: crypto
      sha256: ff625774173754681d66daaf4a448684fb04b78f902da9cb3d308c19cc5e8bab
      url: "https://pub.dev"
    source: hosted
    version: "3.0.3"
  csslib:
    dependency: transitive
    description:
      name: csslib
      sha256: "706b5707578e0c1b4b7550f64078f0a0f19dec3f50a178ffae7006b0a9ca58fb"
      url: "https://pub.dev"
    source: hosted
    version: "1.0.0"
  csv:
    dependency: transitive
    description:
      name: csv
      sha256: "016b31a51a913744a0a1655c74ff13c9379e1200e246a03d96c81c5d9ed297b5"
      url: "https://pub.dev"
    source: hosted
    version: "5.0.2"
  cupertino_icons:
    dependency: transitive
    description:
      name: cupertino_icons
      sha256: e35129dc44c9118cee2a5603506d823bab99c68393879edb440e0090d07586be
      url: "https://pub.dev"
    source: hosted
    version: "1.0.5"
  dart_console2:
    dependency: transitive
    description:
      name: dart_console2
      sha256: ef1c79a8aef31bec96163e0f7ae399bd7ad93c37c6f42162a4e6f365a86a5013
      url: "https://pub.dev"
    source: hosted
    version: "2.0.1"
  dart_style:
    dependency: transitive
    description:
      name: dart_style
      sha256: f4f1f73ab3fd2afcbcca165ee601fe980d966af6a21b5970c6c9376955c528ad
      url: "https://pub.dev"
    source: hosted
    version: "2.3.1"
  date_utils:
    dependency: transitive
    description:
      name: date_utils
      sha256: c0d05994c411abe76f56917f05c30c41ccc466842bfa7f05d2c532ad3026c249
      url: "https://pub.dev"
    source: hosted
    version: "0.2.0"
  dcli:
    dependency: transitive
    description:
      name: dcli
      sha256: b830c100b1deb1ff3dbc2ff8c210d4638b7dd1b37de25ecf638b4e7bfe7ca771
      url: "https://pub.dev"
    source: hosted
    version: "1.36.0"
  dcli_core:
    dependency: transitive
    description:
      name: dcli_core
      sha256: "86c71b7bf3d93ca51ad3d64227acd3e595c98e4694aa3a48cce1c335409006b7"
      url: "https://pub.dev"
    source: hosted
    version: "1.36.2"
  decimal:
    dependency: "direct main"
    description:
      name: decimal
      sha256: eece91944f523657c75a3a008a90ec7f7eb3986191153a78570c7d0ac8ef3d01
      url: "https://pub.dev"
    source: hosted
    version: "2.3.2"
  dependency_validator:
    dependency: "direct dev"
    description:
      name: dependency_validator
      sha256: "08349175533ed0bd06eb9b6043cde66c45b2bfc7ebc222a7542cdb1324f1bf03"
      url: "https://pub.dev"
    source: hosted
    version: "3.2.2"
  dio:
    dependency: transitive
    description:
      name: dio
      sha256: "347d56c26d63519552ef9a569f2a593dda99a81fdbdff13c584b7197cfe05059"
      url: "https://pub.dev"
    source: hosted
    version: "5.1.2"
  dropdown_search:
    dependency: transitive
    description:
      name: dropdown_search
      sha256: "55106e8290acaa97ed15bea1fdad82c3cf0c248dd410e651f5a8ac6870f783ab"
      url: "https://pub.dev"
    source: hosted
    version: "5.0.6"
  equatable:
    dependency: transitive
    description:
      name: equatable
      sha256: c2b87cb7756efdf69892005af546c56c0b5037f54d2a88269b4f347a505e3ca2
      url: "https://pub.dev"
    source: hosted
    version: "2.0.5"
  fake_async:
    dependency: transitive
    description:
      name: fake_async
      sha256: "511392330127add0b769b75a987850d136345d9227c6b94c96a04cf4a391bf78"
      url: "https://pub.dev"
    source: hosted
    version: "1.3.1"
  fast_csv:
    dependency: transitive
    description:
      name: fast_csv
      sha256: "2f8c92bd47adfeac03b2097ff545f593e5500ac5cfb29c1aa252c215bb46b73e"
      url: "https://pub.dev"
    source: hosted
    version: "0.1.44"
  ffi:
    dependency: transitive
    description:
      name: ffi
      sha256: ed5337a5660c506388a9f012be0288fb38b49020ce2b45fe1f8b8323fe429f99
      url: "https://pub.dev"
    source: hosted
    version: "2.0.2"
  file:
    dependency: transitive
    description:
      name: file
      sha256: "1b92bec4fc2a72f59a8e15af5f52cd441e4a7860b49499d69dfa817af20e925d"
      url: "https://pub.dev"
    source: hosted
    version: "6.1.4"
  file_picker:
    dependency: transitive
    description:
      name: file_picker
      sha256: b85eb92b175767fdaa0c543bf3b0d1f610fe966412ea72845fe5ba7801e763ff
      url: "https://pub.dev"
    source: hosted
    version: "5.2.10"
  file_utils:
    dependency: transitive
    description:
      name: file_utils
      sha256: d1e64389a22649095c8405c9e177272caf05139255931c9ff30d53b5c9bcaa34
      url: "https://pub.dev"
    source: hosted
    version: "1.0.1"
  flex_color_picker:
    dependency: transitive
    description:
      name: flex_color_picker
      sha256: d8279250820ad279123fa8ee94151dd99400dd9ef4fb096589fcf956765d39a9
      url: "https://pub.dev"
    source: hosted
    version: "3.2.2"
  flex_seed_scheme:
    dependency: transitive
    description:
      name: flex_seed_scheme
      sha256: e4168a6fc88a3e5bc3d6b7a748c6a6083eedc193d343ddc26bbad7fb1b258555
      url: "https://pub.dev"
    source: hosted
    version: "1.3.0"
  flutter:
    dependency: "direct main"
    description: flutter
    source: sdk
    version: "0.0.0"
  flutter_bloc:
    dependency: "direct main"
    description:
      name: flutter_bloc
      sha256: e74efb89ee6945bcbce74a5b3a5a3376b088e5f21f55c263fc38cbdc6237faae
      url: "https://pub.dev"
    source: hosted
    version: "8.1.3"
  flutter_colorpicker:
    dependency: transitive
    description:
      name: flutter_colorpicker
      sha256: "458a6ed8ea480eb16ff892aedb4b7092b2804affd7e046591fb03127e8d8ef8b"
      url: "https://pub.dev"
    source: hosted
    version: "1.0.3"
  flutter_driver:
    dependency: "direct dev"
    description: flutter
    source: sdk
    version: "0.0.0"
  flutter_highlight:
    dependency: transitive
    description:
      name: flutter_highlight
      sha256: "7b96333867aa07e122e245c033b8ad622e4e3a42a1a2372cbb098a2541d8782c"
      url: "https://pub.dev"
    source: hosted
    version: "0.7.0"
  flutter_inappwebview:
    dependency: transitive
    description:
      name: flutter_inappwebview
      sha256: f73505c792cf083d5566e1a94002311be497d984b5607f25be36d685cf6361cf
      url: "https://pub.dev"
    source: hosted
    version: "5.7.2+3"
  flutter_keyboard_visibility:
    dependency: transitive
    description:
      name: flutter_keyboard_visibility
      sha256: "4983655c26ab5b959252ee204c2fffa4afeb4413cd030455194ec0caa3b8e7cb"
      url: "https://pub.dev"
    source: hosted
    version: "5.4.1"
  flutter_keyboard_visibility_linux:
    dependency: transitive
    description:
      name: flutter_keyboard_visibility_linux
      sha256: "6fba7cd9bb033b6ddd8c2beb4c99ad02d728f1e6e6d9b9446667398b2ac39f08"
      url: "https://pub.dev"
    source: hosted
    version: "1.0.0"
  flutter_keyboard_visibility_macos:
    dependency: transitive
    description:
      name: flutter_keyboard_visibility_macos
      sha256: c5c49b16fff453dfdafdc16f26bdd8fb8d55812a1d50b0ce25fc8d9f2e53d086
      url: "https://pub.dev"
    source: hosted
    version: "1.0.0"
  flutter_keyboard_visibility_platform_interface:
    dependency: transitive
    description:
      name: flutter_keyboard_visibility_platform_interface
      sha256: e43a89845873f7be10cb3884345ceb9aebf00a659f479d1c8f4293fcb37022a4
      url: "https://pub.dev"
    source: hosted
    version: "2.0.0"
  flutter_keyboard_visibility_web:
    dependency: transitive
    description:
      name: flutter_keyboard_visibility_web
      sha256: d3771a2e752880c79203f8d80658401d0c998e4183edca05a149f5098ce6e3d1
      url: "https://pub.dev"
    source: hosted
    version: "2.0.0"
  flutter_keyboard_visibility_windows:
    dependency: transitive
    description:
      name: flutter_keyboard_visibility_windows
      sha256: fc4b0f0b6be9b93ae527f3d527fb56ee2d918cd88bbca438c478af7bcfd0ef73
      url: "https://pub.dev"
    source: hosted
    version: "1.0.0"
  flutter_lints:
    dependency: transitive
    description:
      name: flutter_lints
      sha256: aeb0b80a8b3709709c9cc496cdc027c5b3216796bc0af0ce1007eaf24464fd4c
      url: "https://pub.dev"
    source: hosted
    version: "2.0.1"
  flutter_localizations:
    dependency: "direct main"
    description: flutter
    source: sdk
    version: "0.0.0"
  flutter_markdown:
    dependency: transitive
    description:
      name: flutter_markdown
      sha256: "818cf6c28377ba2c91ed283c96fd712e9c175dd2d2488eb7fc93b6afb9ad2e08"
      url: "https://pub.dev"
    source: hosted
    version: "0.6.13+1"
  flutter_plugin_android_lifecycle:
    dependency: transitive
    description:
      name: flutter_plugin_android_lifecycle
      sha256: "950e77c2bbe1692bc0874fc7fb491b96a4dc340457f4ea1641443d0a6c1ea360"
      url: "https://pub.dev"
    source: hosted
    version: "2.0.15"
  flutter_simple_treeview:
    dependency: transitive
    description:
      name: flutter_simple_treeview
      sha256: ad4978d2668dd078d3a09966832da111bef9102dd636e572c50c80133b7ff4d9
      url: "https://pub.dev"
    source: hosted
    version: "3.0.2"
  flutter_staggered_grid_view:
    dependency: transitive
    description:
      name: flutter_staggered_grid_view
      sha256: "1312314293acceb65b92754298754801b0e1f26a1845833b740b30415bbbcf07"
      url: "https://pub.dev"
    source: hosted
    version: "0.6.2"
  flutter_test:
    dependency: "direct dev"
    description: flutter
    source: sdk
    version: "0.0.0"
  flutter_web_plugins:
    dependency: transitive
    description: flutter
    source: sdk
    version: "0.0.0"
  freezed:
    dependency: transitive
    description:
      name: freezed
      sha256: "2edb9ef971d0f803860ecd9084afd48c717d002141ad77b69be3e976bee7190e"
      url: "https://pub.dev"
    source: hosted
    version: "2.3.4"
  freezed_annotation:
    dependency: transitive
    description:
      name: freezed_annotation
      sha256: aeac15850ef1b38ee368d4c53ba9a847e900bb2c53a4db3f6881cbb3cb684338
      url: "https://pub.dev"
    source: hosted
    version: "2.2.0"
  from_css_color:
    dependency: transitive
    description:
      name: from_css_color
      sha256: "5e4d1795c8d10af94e51dd97636b2a29170a132be1aceba103e9866028d20823"
      url: "https://pub.dev"
    source: hosted
    version: "2.0.0"
  frontend_server_client:
    dependency: transitive
    description:
      name: frontend_server_client
      sha256: "408e3ca148b31c20282ad6f37ebfa6f4bdc8fede5b74bc2f08d9d92b55db3612"
      url: "https://pub.dev"
    source: hosted
    version: "3.2.0"
  fuchsia_remote_debug_protocol:
    dependency: transitive
    description: flutter
    source: sdk
    version: "0.0.0"
  functional_data:
    dependency: transitive
    description:
      name: functional_data
      sha256: "78c40eecabd08b46faa7fb394ed4d9a25a4b66d5aba7cf6940509fd365a62098"
      url: "https://pub.dev"
    source: hosted
    version: "1.1.0"
  glob:
    dependency: transitive
    description:
      name: glob
      sha256: "0e7014b3b7d4dac1ca4d6114f82bf1782ee86745b9b42a92c9289c23d8a0ab63"
      url: "https://pub.dev"
    source: hosted
    version: "2.1.2"
  global_configuration:
    dependency: "direct main"
    description:
      name: global_configuration
      sha256: "63fdee759d2bdde498804061bd44860b2025b27b5661c60a5fb39663df88261f"
      url: "https://pub.dev"
    source: hosted
    version: "2.0.0-nullsafety.1"
  globbing:
    dependency: transitive
    description:
      name: globbing
      sha256: "4f89cfaf6fa74c9c1740a96259da06bd45411ede56744e28017cc534a12b6e2d"
      url: "https://pub.dev"
    source: hosted
    version: "1.0.0"
  growerp_catalog:
    dependency: "direct main"
    description:
      path: "../growerp_catalog"
      relative: true
    source: path
    version: "1.0.0"
  growerp_core:
    dependency: "direct main"
    description:
      path: "../growerp_core"
      relative: true
    source: path
    version: "1.0.0"
  growerp_inventory:
    dependency: "direct main"
    description:
      path: "../growerp_inventory"
      relative: true
    source: path
    version: "1.0.0"
  growerp_marketing:
    dependency: "direct main"
    description:
      path: "../growerp_marketing"
      relative: true
    source: path
    version: "1.0.0"
  growerp_order_accounting:
    dependency: "direct main"
    description:
      path: "../growerp_order_accounting"
      relative: true
    source: path
    version: "1.0.1"
  growerp_select_dialog:
    dependency: "direct overridden"
    description:
      path: "../growerp_select_dialog"
      relative: true
    source: path
    version: "0.6.0"
  growerp_user_company:
    dependency: "direct main"
    description:
      path: "../growerp_user_company"
      relative: true
    source: path
    version: "1.0.0"
  growerp_website:
    dependency: "direct main"
    description:
      path: "../growerp_website"
      relative: true
    source: path
    version: "1.0.0"
  highlight:
    dependency: transitive
    description:
      name: highlight
      sha256: "5353a83ffe3e3eca7df0abfb72dcf3fa66cc56b953728e7113ad4ad88497cf21"
      url: "https://pub.dev"
    source: hosted
    version: "0.7.0"
  html:
    dependency: transitive
    description:
      name: html
      sha256: "3a7812d5bcd2894edf53dfaf8cd640876cf6cef50a8f238745c8b8120ea74d3a"
      url: "https://pub.dev"
    source: hosted
    version: "0.15.4"
  html_editor_enhanced:
    dependency: transitive
    description:
      name: html_editor_enhanced
      sha256: c2a0d0a50970fe4aa565e79e57081c8a69c3b2e94162e8f1df3e1b750c7aeb5e
      url: "https://pub.dev"
    source: hosted
    version: "2.5.1"
  http:
    dependency: transitive
    description:
      name: http
      sha256: "5895291c13fa8a3bd82e76d5627f69e0d85ca6a30dcac95c4ea19a5d555879c2"
      url: "https://pub.dev"
    source: hosted
    version: "0.13.6"
  http_multi_server:
    dependency: transitive
    description:
      name: http_multi_server
      sha256: "97486f20f9c2f7be8f514851703d0119c3596d14ea63227af6f7a481ef2b2f8b"
      url: "https://pub.dev"
    source: hosted
    version: "3.2.1"
  http_parser:
    dependency: transitive
    description:
      name: http_parser
      sha256: "2aa08ce0341cc9b354a498388e30986515406668dbcc4f7c950c3e715496693b"
      url: "https://pub.dev"
    source: hosted
    version: "4.0.2"
  image:
    dependency: transitive
    description:
      name: image
      sha256: a72242c9a0ffb65d03de1b7113bc4e189686fc07c7147b8b41811d0dd0e0d9bf
      url: "https://pub.dev"
    source: hosted
    version: "4.0.17"
  image_picker:
    dependency: transitive
    description:
      name: image_picker
      sha256: "9978d3510af4e6a902e545ce19229b926e6de6a1828d6134d3aab2e129a4d270"
      url: "https://pub.dev"
    source: hosted
    version: "0.8.7+5"
  image_picker_android:
    dependency: transitive
    description:
      name: image_picker_android
      sha256: "3083c3a3245adf9f3eb7bacf0eaa6a1f087dd538fab73a13a2f7907602601692"
      url: "https://pub.dev"
    source: hosted
    version: "0.8.6+19"
  image_picker_for_web:
    dependency: transitive
    description:
      name: image_picker_for_web
      sha256: "98f50d6b9f294c8ba35e25cc0d13b04bfddd25dbc8d32fa9d566a6572f2c081c"
      url: "https://pub.dev"
    source: hosted
    version: "2.1.12"
  image_picker_ios:
    dependency: transitive
    description:
      name: image_picker_ios
      sha256: d779210bda268a03b57e923fb1e410f32f5c5e708ad256348bcbf1f44f558fd0
      url: "https://pub.dev"
    source: hosted
    version: "0.8.7+4"
  image_picker_platform_interface:
    dependency: transitive
    description:
      name: image_picker_platform_interface
      sha256: "1991219d9dbc42a99aff77e663af8ca51ced592cd6685c9485e3458302d3d4f8"
      url: "https://pub.dev"
    source: hosted
    version: "2.6.3"
  infinite_listview:
    dependency: transitive
    description:
      name: infinite_listview
      sha256: f6062c1720eb59be553dfa6b89813d3e8dd2f054538445aaa5edaddfa5195ce6
      url: "https://pub.dev"
    source: hosted
    version: "1.1.0"
  ini:
    dependency: transitive
    description:
      name: ini
      sha256: "12a76c53591ffdf86d1265be3f986888a6dfeb34a85957774bc65912d989a173"
      url: "https://pub.dev"
    source: hosted
    version: "2.1.0"
  integration_test:
    dependency: "direct dev"
    description: flutter
    source: sdk
    version: "0.0.0"
  intl:
    dependency: "direct main"
    description:
      name: intl
      sha256: "3bc132a9dbce73a7e4a21a17d06e1878839ffbf975568bc875c60537824b0c4d"
      url: "https://pub.dev"
    source: hosted
    version: "0.18.1"
  io:
    dependency: transitive
    description:
      name: io
      sha256: "2ec25704aba361659e10e3e5f5d672068d332fc8ac516421d483a11e5cbd061e"
      url: "https://pub.dev"
    source: hosted
    version: "1.0.4"
  js:
    dependency: transitive
    description:
      name: js
      sha256: f2c445dce49627136094980615a031419f7f3eb393237e4ecd97ac15dea343f3
      url: "https://pub.dev"
    source: hosted
    version: "0.6.7"
  json2yaml:
    dependency: transitive
    description:
      name: json2yaml
      sha256: da94630fbc56079426fdd167ae58373286f603371075b69bf46d848d63ba3e51
      url: "https://pub.dev"
    source: hosted
    version: "3.0.1"
  json_annotation:
    dependency: transitive
    description:
      name: json_annotation
      sha256: b10a7b2ff83d83c777edba3c6a0f97045ddadd56c944e1a23a3fdf43a1bf4467
      url: "https://pub.dev"
    source: hosted
    version: "4.8.1"
  lints:
    dependency: transitive
    description:
      name: lints
      sha256: "0a217c6c989d21039f1498c3ed9f3ed71b354e69873f13a8dfc3c9fe76f1b452"
      url: "https://pub.dev"
    source: hosted
    version: "2.1.1"
  logger:
    dependency: transitive
    description:
      name: logger
      sha256: db2ff852ed77090ba9f62d3611e4208a3d11dfa35991a81ae724c113fcb3e3f7
      url: "https://pub.dev"
    source: hosted
    version: "1.3.0"
  logging:
    dependency: transitive
    description:
      name: logging
      sha256: "623a88c9594aa774443aa3eb2d41807a48486b5613e67599fb4c41c0ad47c340"
      url: "https://pub.dev"
    source: hosted
    version: "1.2.0"
  markdown:
    dependency: transitive
    description:
      name: markdown
      sha256: c2b81e184067b41d0264d514f7cdaa2c02d38511e39d6521a1ccc238f6d7b3f2
      url: "https://pub.dev"
    source: hosted
    version: "6.0.1"
  markdown_widget:
    dependency: transitive
    description:
      name: markdown_widget
      sha256: "54b636168cdf1b391544f00a481ff43dcee0ca31a1528aebc58ab6cc8b654def"
      url: "https://pub.dev"
    source: hosted
    version: "1.3.0+2"
  matcher:
    dependency: transitive
    description:
      name: matcher
      sha256: "6501fbd55da300384b768785b83e5ce66991266cec21af89ab9ae7f5ce1c4cbb"
      url: "https://pub.dev"
    source: hosted
    version: "0.12.15"
  material_color_utilities:
    dependency: transitive
    description:
      name: material_color_utilities
      sha256: d92141dc6fe1dad30722f9aa826c7fbc896d021d792f80678280601aff8cf724
      url: "https://pub.dev"
    source: hosted
    version: "0.2.0"
  meta:
    dependency: transitive
    description:
      name: meta
      sha256: "3c74dbf8763d36539f114c799d8a2d87343b5067e9d796ca22b5eb8437090ee3"
      url: "https://pub.dev"
    source: hosted
    version: "1.9.1"
  mime:
    dependency: transitive
    description:
      name: mime
      sha256: e4ff8e8564c03f255408decd16e7899da1733852a9110a58fe6d1b817684a63e
      url: "https://pub.dev"
    source: hosted
    version: "1.0.4"
  nested:
    dependency: transitive
    description:
      name: nested
      sha256: "03bac4c528c64c95c722ec99280375a6f2fc708eec17c7b3f07253b626cd2a20"
      url: "https://pub.dev"
    source: hosted
    version: "1.0.0"
  node_preamble:
    dependency: transitive
    description:
      name: node_preamble
      sha256: "6e7eac89047ab8a8d26cf16127b5ed26de65209847630400f9aefd7cd5c730db"
      url: "https://pub.dev"
    source: hosted
    version: "2.0.2"
  numberpicker:
    dependency: transitive
    description:
      name: numberpicker
      sha256: "4c129154944b0f6b133e693f8749c3f8bfb67c4d07ef9dcab48b595c22d1f156"
      url: "https://pub.dev"
    source: hosted
    version: "2.1.2"
  oauth2:
    dependency: transitive
    description:
      name: oauth2
      sha256: c4013ef62be37744efdc0861878fd9e9285f34db1f9e331cc34100d7674feb42
      url: "https://pub.dev"
    source: hosted
    version: "2.0.2"
  package_config:
    dependency: transitive
    description:
      name: package_config
      sha256: "1c5b77ccc91e4823a5af61ee74e6b972db1ef98c2ff5a18d3161c982a55448bd"
      url: "https://pub.dev"
    source: hosted
    version: "2.1.0"
  package_info_plus:
    dependency: "direct main"
    description:
      name: package_info_plus
      sha256: "10259b111176fba5c505b102e3a5b022b51dd97e30522e906d6922c745584745"
      url: "https://pub.dev"
    source: hosted
    version: "3.1.2"
  package_info_plus_platform_interface:
    dependency: transitive
    description:
      name: package_info_plus_platform_interface
      sha256: "9bc8ba46813a4cc42c66ab781470711781940780fd8beddd0c3da62506d3a6c6"
      url: "https://pub.dev"
    source: hosted
    version: "2.0.1"
  path:
    dependency: transitive
    description:
      name: path
      sha256: "8829d8a55c13fc0e37127c29fedf290c102f4e40ae94ada574091fe0ff96c917"
      url: "https://pub.dev"
    source: hosted
    version: "1.8.3"
  path_parsing:
    dependency: transitive
    description:
      name: path_parsing
      sha256: e3e67b1629e6f7e8100b367d3db6ba6af4b1f0bb80f64db18ef1fbabd2fa9ccf
      url: "https://pub.dev"
    source: hosted
    version: "1.0.1"
  path_provider:
    dependency: transitive
    description:
      name: path_provider
      sha256: "3087813781ab814e4157b172f1a11c46be20179fcc9bea043e0fba36bc0acaa2"
      url: "https://pub.dev"
    source: hosted
    version: "2.0.15"
  path_provider_android:
    dependency: transitive
    description:
      name: path_provider_android
      sha256: "2cec049d282c7f13c594b4a73976b0b4f2d7a1838a6dd5aaf7bd9719196bee86"
      url: "https://pub.dev"
    source: hosted
    version: "2.0.27"
  path_provider_foundation:
    dependency: transitive
    description:
      name: path_provider_foundation
      sha256: "1995d88ec2948dac43edf8fe58eb434d35d22a2940ecee1a9fefcd62beee6eb3"
      url: "https://pub.dev"
    source: hosted
    version: "2.2.3"
  path_provider_linux:
    dependency: transitive
    description:
      name: path_provider_linux
      sha256: ffbb8cc9ed2c9ec0e4b7a541e56fd79b138e8f47d2fb86815f15358a349b3b57
      url: "https://pub.dev"
    source: hosted
    version: "2.1.11"
  path_provider_platform_interface:
    dependency: transitive
    description:
      name: path_provider_platform_interface
      sha256: "57585299a729335f1298b43245842678cb9f43a6310351b18fb577d6e33165ec"
      url: "https://pub.dev"
    source: hosted
    version: "2.0.6"
  path_provider_windows:
    dependency: transitive
    description:
      name: path_provider_windows
      sha256: d3f80b32e83ec208ac95253e0cd4d298e104fbc63cb29c5c69edaed43b0c69d6
      url: "https://pub.dev"
    source: hosted
    version: "2.1.6"
  pdf:
    dependency: transitive
    description:
      name: pdf
      sha256: "9f75fc7f5580ea5e635b5724de58fb27f684c9ad03ed46fdc1aac768e4557315"
      url: "https://pub.dev"
    source: hosted
    version: "3.10.4"
  pedantic:
    dependency: transitive
    description:
      name: pedantic
      sha256: "67fc27ed9639506c856c840ccce7594d0bdcd91bc8d53d6e52359449a1d50602"
      url: "https://pub.dev"
    source: hosted
    version: "1.11.1"
  petitparser:
    dependency: transitive
    description:
      name: petitparser
      sha256: cb3798bef7fc021ac45b308f4b51208a152792445cce0448c9a4ba5879dd8750
      url: "https://pub.dev"
    source: hosted
    version: "5.4.0"
  platform:
    dependency: transitive
    description:
      name: platform
      sha256: "4a451831508d7d6ca779f7ac6e212b4023dd5a7d08a27a63da33756410e32b76"
      url: "https://pub.dev"
    source: hosted
    version: "3.1.0"
  plugin_platform_interface:
    dependency: transitive
    description:
      name: plugin_platform_interface
      sha256: "6a2128648c854906c53fa8e33986fc0247a1116122f9534dd20e3ab9e16a32bc"
      url: "https://pub.dev"
    source: hosted
    version: "2.1.4"
  pointer_interceptor:
    dependency: transitive
    description:
      name: pointer_interceptor
      sha256: "6aa680b30d96dccef496933d00208ad25f07e047f644dc98ce03ec6141633a9a"
      url: "https://pub.dev"
    source: hosted
    version: "0.9.3+4"
  pointycastle:
    dependency: transitive
    description:
      name: pointycastle
      sha256: "7c1e5f0d23c9016c5bbd8b1473d0d3fb3fc851b876046039509e18e0c7485f2c"
      url: "https://pub.dev"
    source: hosted
    version: "3.7.3"
  pool:
    dependency: transitive
    description:
      name: pool
      sha256: "20fe868b6314b322ea036ba325e6fc0711a22948856475e2c2b6306e8ab39c2a"
      url: "https://pub.dev"
    source: hosted
    version: "1.5.1"
  posix:
    dependency: transitive
    description:
      name: posix
      sha256: "203e3ad9df376927118dc662e1724dde1f64e2c3292cd59a8082d4a2de84bb70"
      url: "https://pub.dev"
    source: hosted
    version: "4.1.0"
  printing:
    dependency: transitive
    description:
      name: printing
      sha256: e7c383dca95ee7b88c02dc1c66638628d3dcdc2fb2cc47e7a595facd47e46b56
      url: "https://pub.dev"
    source: hosted
    version: "5.11.0"
  process:
    dependency: transitive
    description:
      name: process
      sha256: "53fd8db9cec1d37b0574e12f07520d582019cb6c44abf5479a01505099a34a09"
      url: "https://pub.dev"
    source: hosted
    version: "4.2.4"
  provider:
    dependency: transitive
    description:
      name: provider
      sha256: cdbe7530b12ecd9eb455bdaa2fcb8d4dad22e80b8afb4798b41479d5ce26847f
      url: "https://pub.dev"
    source: hosted
    version: "6.0.5"
  pub_api_client:
    dependency: transitive
    description:
      name: pub_api_client
      sha256: d4bc6c9ec778da1a79675eab41bde456b392973216acd783156afaee69230e22
      url: "https://pub.dev"
    source: hosted
    version: "2.4.0"
  pub_semver:
    dependency: transitive
    description:
      name: pub_semver
      sha256: "40d3ab1bbd474c4c2328c91e3a7df8c6dd629b79ece4c4bd04bee496a224fb0c"
      url: "https://pub.dev"
    source: hosted
    version: "2.1.4"
  pubspec:
    dependency: transitive
    description:
      name: pubspec
      sha256: f534a50a2b4d48dc3bc0ec147c8bd7c304280fff23b153f3f11803c4d49d927e
      url: "https://pub.dev"
    source: hosted
    version: "2.3.0"
  pubspec2:
    dependency: transitive
    description:
      name: pubspec2
      sha256: "7b1fd81927f1da6d88457c83b51134e1bc8cb07638bd8d9e205b2ce1cd9ec091"
      url: "https://pub.dev"
    source: hosted
    version: "2.4.2"
  pubspec_lock:
    dependency: transitive
    description:
      name: pubspec_lock
      sha256: ed5fc1ecd0cdc0e14475a091afcb2c4cbb00e74cebff17635e9abbec18d76cc4
      url: "https://pub.dev"
    source: hosted
    version: "3.0.2"
  pubspec_parse:
    dependency: transitive
    description:
      name: pubspec_parse
      sha256: c63b2876e58e194e4b0828fcb080ad0e06d051cb607a6be51a9e084f47cb9367
      url: "https://pub.dev"
    source: hosted
    version: "1.2.3"
  qr:
    dependency: transitive
    description:
      name: qr
      sha256: "64957a3930367bf97cc211a5af99551d630f2f4625e38af10edd6b19131b64b3"
      url: "https://pub.dev"
    source: hosted
    version: "3.0.1"
  quiver:
    dependency: transitive
    description:
      name: quiver
      sha256: b1c1ac5ce6688d77f65f3375a9abb9319b3cb32486bdc7a1e0fdf004d7ba4e47
      url: "https://pub.dev"
    source: hosted
    version: "3.2.1"
  random_string:
    dependency: transitive
    description:
      name: random_string
      sha256: "03b52435aae8cbdd1056cf91bfc5bf845e9706724dd35ae2e99fa14a1ef79d02"
      url: "https://pub.dev"
    source: hosted
    version: "2.3.1"
  rational:
    dependency: transitive
    description:
      name: rational
      sha256: ba58e9e18df9abde280e8b10051e4bce85091e41e8e7e411b6cde2e738d357cf
      url: "https://pub.dev"
    source: hosted
    version: "2.2.2"
  reorderables:
    dependency: transitive
    description:
      name: reorderables
      sha256: "004a886e4878df1ee27321831c838bc1c976311f4ca6a74ce7d561e506540a77"
      url: "https://pub.dev"
    source: hosted
    version: "0.6.0"
  responsive_framework:
    dependency: transitive
    description:
      name: responsive_framework
      sha256: "07bbe163bd67708160f3d11abaf6b34ae5b718e4250d83aa9a8a9496325f6b8a"
      url: "https://pub.dev"
    source: hosted
    version: "1.0.0"
  scope:
    dependency: transitive
    description:
      name: scope
      sha256: e0c880d8f0db2ffd2accd63eeb02396748f3b8a2f71bce4b7d3f8dab75fc8a74
      url: "https://pub.dev"
    source: hosted
    version: "3.0.0"
  scrollable_positioned_list:
    dependency: transitive
    description:
      name: scrollable_positioned_list
      sha256: "1b54d5f1329a1e263269abc9e2543d90806131aa14fe7c6062a8054d57249287"
      url: "https://pub.dev"
    source: hosted
    version: "0.3.8"
  settings_yaml:
    dependency: transitive
    description:
      name: settings_yaml
      sha256: "76e7cbce59398e663df0b8e2d08c7719dcb6016137f01b3338a0bb0448f4ec71"
      url: "https://pub.dev"
    source: hosted
    version: "4.0.1"
  shared_preferences:
    dependency: "direct main"
    description:
      name: shared_preferences
      sha256: "16d3fb6b3692ad244a695c0183fca18cf81fd4b821664394a781de42386bf022"
      url: "https://pub.dev"
    source: hosted
    version: "2.1.1"
  shared_preferences_android:
    dependency: transitive
    description:
      name: shared_preferences_android
      sha256: "6478c6bbbecfe9aced34c483171e90d7c078f5883558b30ec3163cf18402c749"
      url: "https://pub.dev"
    source: hosted
    version: "2.1.4"
  shared_preferences_foundation:
    dependency: transitive
    description:
      name: shared_preferences_foundation
      sha256: e014107bb79d6d3297196f4f2d0db54b5d1f85b8ea8ff63b8e8b391a02700feb
      url: "https://pub.dev"
    source: hosted
    version: "2.2.2"
  shared_preferences_linux:
    dependency: transitive
    description:
      name: shared_preferences_linux
      sha256: "9d387433ca65717bbf1be88f4d5bb18f10508917a8fa2fb02e0fd0d7479a9afa"
      url: "https://pub.dev"
    source: hosted
    version: "2.2.0"
  shared_preferences_platform_interface:
    dependency: transitive
    description:
      name: shared_preferences_platform_interface
      sha256: fb5cf25c0235df2d0640ac1b1174f6466bd311f621574997ac59018a6664548d
      url: "https://pub.dev"
    source: hosted
    version: "2.2.0"
  shared_preferences_web:
    dependency: transitive
    description:
      name: shared_preferences_web
      sha256: "74083203a8eae241e0de4a0d597dbedab3b8fef5563f33cf3c12d7e93c655ca5"
      url: "https://pub.dev"
    source: hosted
    version: "2.1.0"
  shared_preferences_windows:
    dependency: transitive
    description:
      name: shared_preferences_windows
      sha256: "5e588e2efef56916a3b229c3bfe81e6a525665a454519ca51dbcc4236a274173"
      url: "https://pub.dev"
    source: hosted
    version: "2.2.0"
  shelf:
    dependency: transitive
    description:
      name: shelf
      sha256: ad29c505aee705f41a4d8963641f91ac4cee3c8fad5947e033390a7bd8180fa4
      url: "https://pub.dev"
    source: hosted
    version: "1.4.1"
  shelf_packages_handler:
    dependency: transitive
    description:
      name: shelf_packages_handler
      sha256: "89f967eca29607c933ba9571d838be31d67f53f6e4ee15147d5dc2934fee1b1e"
      url: "https://pub.dev"
    source: hosted
    version: "3.0.2"
  shelf_static:
    dependency: transitive
    description:
      name: shelf_static
      sha256: a41d3f53c4adf0f57480578c1d61d90342cd617de7fc8077b1304643c2d85c1e
      url: "https://pub.dev"
    source: hosted
    version: "1.1.2"
  shelf_web_socket:
    dependency: transitive
    description:
      name: shelf_web_socket
      sha256: "9ca081be41c60190ebcb4766b2486a7d50261db7bd0f5d9615f2d653637a84c1"
      url: "https://pub.dev"
    source: hosted
    version: "1.0.4"
  simple_mustache:
    dependency: transitive
    description:
      name: simple_mustache
      sha256: f9e9211586ba32dd6be9967c408c275b8c3493734836c8a0057c9f509a448fce
      url: "https://pub.dev"
    source: hosted
    version: "2.1.0"
  sky_engine:
    dependency: transitive
    description: flutter
    source: sdk
    version: "0.0.99"
  source_gen:
    dependency: transitive
    description:
      name: source_gen
      sha256: "373f96cf5a8744bc9816c1ff41cf5391bbdbe3d7a96fe98c622b6738a8a7bd33"
      url: "https://pub.dev"
    source: hosted
    version: "1.3.2"
  source_map_stack_trace:
    dependency: transitive
    description:
      name: source_map_stack_trace
      sha256: "84cf769ad83aa6bb61e0aa5a18e53aea683395f196a6f39c4c881fb90ed4f7ae"
      url: "https://pub.dev"
    source: hosted
    version: "2.1.1"
  source_maps:
    dependency: transitive
    description:
      name: source_maps
      sha256: "708b3f6b97248e5781f493b765c3337db11c5d2c81c3094f10904bfa8004c703"
      url: "https://pub.dev"
    source: hosted
    version: "0.10.12"
  source_span:
    dependency: transitive
    description:
      name: source_span
      sha256: dd904f795d4b4f3b870833847c461801f6750a9fa8e61ea5ac53f9422b31f250
      url: "https://pub.dev"
    source: hosted
    version: "1.9.1"
  stack_trace:
    dependency: transitive
    description:
      name: stack_trace
      sha256: c3c7d8edb15bee7f0f74debd4b9c5f3c2ea86766fe4178eb2a18eb30a0bdaed5
      url: "https://pub.dev"
    source: hosted
    version: "1.11.0"
  stacktrace_impl:
    dependency: transitive
    description:
      name: stacktrace_impl
      sha256: a42791862f672151d7f5a12911bf607c5b6d600f15f4f2457ef4ec92bfcf561b
      url: "https://pub.dev"
    source: hosted
    version: "2.3.0"
  stream_channel:
    dependency: transitive
    description:
      name: stream_channel
      sha256: "83615bee9045c1d322bbbd1ba209b7a749c2cbcdcb3fdd1df8eb488b3279c1c8"
      url: "https://pub.dev"
    source: hosted
    version: "2.1.1"
  stream_transform:
    dependency: transitive
    description:
      name: stream_transform
      sha256: "14a00e794c7c11aa145a170587321aedce29769c08d7f58b1d141da75e3b1c6f"
      url: "https://pub.dev"
    source: hosted
    version: "2.1.0"
  string_scanner:
    dependency: transitive
    description:
      name: string_scanner
      sha256: "556692adab6cfa87322a115640c11f13cb77b3f076ddcc5d6ae3c20242bedcde"
      url: "https://pub.dev"
    source: hosted
    version: "1.2.0"
  sum_types:
    dependency: transitive
    description:
      name: sum_types
      sha256: c0a0fad9a518d011987e1d9f27fc336194294e55dafdc3699363e52aa5776e09
      url: "https://pub.dev"
    source: hosted
    version: "0.3.5"
  sync_http:
    dependency: transitive
    description:
      name: sync_http
      sha256: "7f0cd72eca000d2e026bcd6f990b81d0ca06022ef4e32fb257b30d3d1014a961"
      url: "https://pub.dev"
    source: hosted
    version: "0.3.1"
  system_info2:
    dependency: transitive
    description:
      name: system_info2
      sha256: "90621f3ba586e1f268e38cc7951b172cd4d997e43dc1fbed12eb334c8a22a886"
      url: "https://pub.dev"
    source: hosted
    version: "2.0.4"
  term_glyph:
    dependency: transitive
    description:
      name: term_glyph
      sha256: a29248a84fbb7c79282b40b8c72a1209db169a2e0542bce341da992fe1bc7e84
      url: "https://pub.dev"
    source: hosted
    version: "1.2.1"
  test:
    dependency: "direct dev"
    description:
      name: test
      sha256: "3dac9aecf2c3991d09b9cdde4f98ded7b30804a88a0d7e4e7e1678e78d6b97f4"
      url: "https://pub.dev"
    source: hosted
    version: "1.24.1"
  test_api:
    dependency: transitive
    description:
      name: test_api
      sha256: eb6ac1540b26de412b3403a163d919ba86f6a973fe6cc50ae3541b80092fdcfb
      url: "https://pub.dev"
    source: hosted
    version: "0.5.1"
  test_core:
    dependency: transitive
    description:
      name: test_core
      sha256: "5138dbffb77b2289ecb12b81c11ba46036590b72a64a7a90d6ffb880f1a29e93"
      url: "https://pub.dev"
    source: hosted
    version: "0.5.1"
  typed_data:
    dependency: transitive
    description:
      name: typed_data
      sha256: facc8d6582f16042dd49f2463ff1bd6e2c9ef9f3d5da3d9b087e244a7b564b3c
      url: "https://pub.dev"
    source: hosted
    version: "1.3.2"
  uri:
    dependency: transitive
    description:
      name: uri
      sha256: "889eea21e953187c6099802b7b4cf5219ba8f3518f604a1033064d45b1b8268a"
      url: "https://pub.dev"
    source: hosted
    version: "1.0.0"
  url_launcher:
    dependency: transitive
    description:
      name: url_launcher
      sha256: eb1e00ab44303d50dd487aab67ebc575456c146c6af44422f9c13889984c00f3
      url: "https://pub.dev"
    source: hosted
    version: "6.1.11"
  url_launcher_android:
    dependency: transitive
    description:
      name: url_launcher_android
      sha256: eed4e6a1164aa9794409325c3b707ff424d4d1c2a785e7db67f8bbda00e36e51
      url: "https://pub.dev"
    source: hosted
    version: "6.0.35"
  url_launcher_ios:
    dependency: transitive
    description:
      name: url_launcher_ios
      sha256: "9af7ea73259886b92199f9e42c116072f05ff9bea2dcb339ab935dfc957392c2"
      url: "https://pub.dev"
    source: hosted
    version: "6.1.4"
  url_launcher_linux:
    dependency: transitive
    description:
      name: url_launcher_linux
      sha256: "207f4ddda99b95b4d4868320a352d374b0b7e05eefad95a4a26f57da413443f5"
      url: "https://pub.dev"
    source: hosted
    version: "3.0.5"
  url_launcher_macos:
    dependency: transitive
    description:
      name: url_launcher_macos
      sha256: "91ee3e75ea9dadf38036200c5d3743518f4a5eb77a8d13fda1ee5764373f185e"
      url: "https://pub.dev"
    source: hosted
    version: "3.0.5"
  url_launcher_platform_interface:
    dependency: transitive
    description:
      name: url_launcher_platform_interface
      sha256: "6c9ca697a5ae218ce56cece69d46128169a58aa8653c1b01d26fcd4aad8c4370"
      url: "https://pub.dev"
    source: hosted
    version: "2.1.2"
  url_launcher_web:
    dependency: transitive
    description:
      name: url_launcher_web
      sha256: "6bb1e5d7fe53daf02a8fee85352432a40b1f868a81880e99ec7440113d5cfcab"
      url: "https://pub.dev"
    source: hosted
    version: "2.0.17"
  url_launcher_windows:
    dependency: transitive
    description:
      name: url_launcher_windows
      sha256: "254708f17f7c20a9c8c471f67d86d76d4a3f9c1591aad1e15292008aceb82771"
      url: "https://pub.dev"
    source: hosted
    version: "3.0.6"
  utils:
    dependency: "direct dev"
    description:
      path: "../utils"
      relative: true
    source: path
    version: "0.0.1"
  uuid:
    dependency: transitive
    description:
      name: uuid
      sha256: "648e103079f7c64a36dc7d39369cabb358d377078a051d6ae2ad3aa539519313"
      url: "https://pub.dev"
    source: hosted
    version: "3.0.7"
  validators2:
    dependency: transitive
    description:
      name: validators2
      sha256: c95746d5176ed1c01aff95fcd1ef22b6459f48a8aa26577ddf7a1e21919a81dc
      url: "https://pub.dev"
    source: hosted
    version: "3.0.0"
  vector_math:
    dependency: transitive
    description:
      name: vector_math
      sha256: "80b3257d1492ce4d091729e3a67a60407d227c27241d6927be0130c98e741803"
      url: "https://pub.dev"
    source: hosted
    version: "2.1.4"
  video_player:
    dependency: transitive
    description:
      name: video_player
      sha256: de95f0e9405f29b5582573d4166132e71f83b3158aac14e8ee5767a54f4f1fbd
      url: "https://pub.dev"
    source: hosted
    version: "2.6.1"
  video_player_android:
    dependency: transitive
    description:
      name: video_player_android
      sha256: f338a5a396c845f4632959511cad3542cdf3167e1b2a1a948ef07f7123c03608
      url: "https://pub.dev"
    source: hosted
    version: "2.4.9"
  video_player_avfoundation:
    dependency: transitive
    description:
      name: video_player_avfoundation
      sha256: "4c274e439f349a0ee5cb3c42978393ede173a443b98f50de6ffe6900eaa19216"
      url: "https://pub.dev"
    source: hosted
    version: "2.4.6"
  video_player_platform_interface:
    dependency: transitive
    description:
      name: video_player_platform_interface
      sha256: a8c4dcae2a7a6e7cc1d7f9808294d968eca1993af34a98e95b9bdfa959bec684
      url: "https://pub.dev"
    source: hosted
    version: "6.1.0"
  video_player_web:
    dependency: transitive
    description:
      name: video_player_web
      sha256: "44ce41424d104dfb7cf6982cc6b84af2b007a24d126406025bf40de5d481c74c"
      url: "https://pub.dev"
    source: hosted
    version: "2.0.16"
  vin_decoder:
    dependency: transitive
    description:
      name: vin_decoder
      sha256: d6934cd36d24e5f306dbcc3eb00f7104fb7d34e2bc82ab2c67f89cedbc983250
      url: "https://pub.dev"
    source: hosted
    version: "0.2.1-nullsafety"
  visibility_detector:
    dependency: transitive
    description:
      name: visibility_detector
      sha256: "15c54a459ec2c17b4705450483f3d5a2858e733aee893dcee9d75fd04814940d"
      url: "https://pub.dev"
    source: hosted
    version: "0.3.3"
  vm_service:
    dependency: transitive
    description:
      name: vm_service
      sha256: f6deed8ed625c52864792459709183da231ebf66ff0cf09e69b573227c377efe
      url: "https://pub.dev"
    source: hosted
    version: "11.3.0"
  watcher:
    dependency: transitive
    description:
      name: watcher
      sha256: "3d2ad6751b3c16cf07c7fca317a1413b3f26530319181b37e3b9039b84fc01d8"
      url: "https://pub.dev"
    source: hosted
    version: "1.1.0"
  web_socket_channel:
    dependency: transitive
    description:
      name: web_socket_channel
      sha256: d88238e5eac9a42bb43ca4e721edba3c08c6354d4a53063afaa568516217621b
      url: "https://pub.dev"
    source: hosted
    version: "2.4.0"
  webdriver:
    dependency: transitive
    description:
      name: webdriver
      sha256: "3c923e918918feeb90c4c9fdf1fe39220fa4c0e8e2c0fffaded174498ef86c49"
      url: "https://pub.dev"
    source: hosted
    version: "3.0.2"
  webkit_inspection_protocol:
    dependency: transitive
    description:
      name: webkit_inspection_protocol
      sha256: "67d3a8b6c79e1987d19d848b0892e582dbb0c66c57cc1fef58a177dd2aa2823d"
      url: "https://pub.dev"
    source: hosted
    version: "1.2.0"
  win32:
    dependency: transitive
    description:
      name: win32
      sha256: a6f0236dbda0f63aa9a25ad1ff9a9d8a4eaaa5012da0dc59d21afdb1dc361ca4
      url: "https://pub.dev"
    source: hosted
    version: "3.1.4"
  xdg_directories:
    dependency: transitive
    description:
      name: xdg_directories
      sha256: ee1505df1426458f7f60aac270645098d318a8b4766d85fde75f76f2e21807d1
      url: "https://pub.dev"
    source: hosted
    version: "1.0.0"
  xml:
    dependency: transitive
    description:
      name: xml
      sha256: "5bc72e1e45e941d825fd7468b9b4cc3b9327942649aeb6fc5cdbf135f0a86e84"
      url: "https://pub.dev"
    source: hosted
    version: "6.3.0"
  yaml:
    dependency: transitive
    description:
      name: yaml
      sha256: "75769501ea3489fca56601ff33454fe45507ea3bfb014161abc3b43ae25989d5"
      url: "https://pub.dev"
    source: hosted
    version: "3.1.2"
  yaml_modify:
    dependency: transitive
    description:
      name: yaml_modify
      sha256: "0c67ba263546f44b738c9ae14bd602bb1ef75c74a61a25b9111708a7a7e9af94"
      url: "https://pub.dev"
    source: hosted
    version: "1.0.1"
sdks:
  dart: ">=3.0.0 <4.0.0"
  flutter: ">=3.10.0"
